
Microsoft Visual Studio Solution File, Format Version 12.00
# Visual Studio 15
VisualStudioVersion = 15.0.28307.106
MinimumVisualStudioVersion = 10.0.40219.1
Project("{FAE04EC0-301F-11D3-BF4B-00C04F79EFBC}") = "TotDbs_ArchivierungsTool", "TotDbs_ArchivierungsTool\TotDbs_ArchivierungsTool.csproj", "{C50F722B-33BA-4D63-BDB7-6EF81E886D80}"
EndProject
Global
	GlobalSection(SolutionConfigurationPlatforms) = preSolution
		Debug|Any CPU = Debug|Any CPU
		Release|Any CPU = Release|Any CPU
	EndGlobalSection
	GlobalSection(ProjectConfigurationPlatforms) = postSolution
		{C50F722B-33BA-4D63-BDB7-6EF81E886D80}.Debug|Any CPU.ActiveCfg = Debug|Any CPU
		{C50F722B-33BA-4D63-BDB7-6EF81E886D80}.Debug|Any CPU.Build.0 = Debug|Any CPU
		{C50F722B-33BA-4D63-BDB7-6EF81E886D80}.Release|Any CPU.ActiveCfg = Release|Any CPU
		{C50F722B-33BA-4D63-BDB7-6EF81E886D80}.Release|Any CPU.Build.0 = Release|Any CPU
	EndGlobalSection
	GlobalSection(SolutionProperties) = preSolution
		HideSolutionNode = FALSE
	EndGlobalSection
	GlobalSection(ExtensibilityGlobals) = postSolution
		SolutionGuid = {E09D8D0A-A9E9-471D-947B-CF3E9FE1A9AF}
	EndGlobalSection
EndGlobal
